// !$*UTF8*$!
{
	archiveVersion = 1;
	classes = {
	};
	objectVersion = 46;
	objects = {

/* Begin PBXBuildFile section */
		662DDD831C84050D00EDA431 /* AppDelegate.swift in Sources */ = {isa = PBXBuildFile; fileRef = 662DDD821C84050D00EDA431 /* AppDelegate.swift */; };
		662DDD851C84050D00EDA431 /* ViewController.swift in Sources */ = {isa = PBXBuildFile; fileRef = 662DDD841C84050D00EDA431 /* ViewController.swift */; };
		662DDD881C84050D00EDA431 /* Main.storyboard in Resources */ = {isa = PBXBuildFile; fileRef = 662DDD861C84050D00EDA431 /* Main.storyboard */; };
		662DDD8A1C84050D00EDA431 /* Assets.xcassets in Resources */ = {isa = PBXBuildFile; fileRef = 662DDD891C84050D00EDA431 /* Assets.xcassets */; };
		662DDD8D1C84050D00EDA431 /* LaunchScreen.storyboard in Resources */ = {isa = PBXBuildFile; fileRef = 662DDD8B1C84050D00EDA431 /* LaunchScreen.storyboard */; };
/* End PBXBuildFile section */

/* Begin PBXFileReference section */
		662DDD7F1C84050D00EDA431 /* Instagrammy.app */ = {isa = PBXFileReference; explicitFileType = wrapper.application; includeInIndex = 0; path = Instagrammy.app; sourceTree = BUILT_PRODUCTS_DIR; };
		662DDD821C84050D00EDA431 /* AppDelegate.swift */ = {isa = PBXFileReference; lastKnownFileType = sourcecode.swift; path = AppDelegate.swift; sourceTree = "<group>"; };
		662DDD841C84050D00EDA431 /* ViewController.swift */ = {isa = PBXFileReference; lastKnownFileType = sourcecode.swift; path = ViewController.swift; sourceTree = "<group>"; };
		662DDD871C84050D00EDA431 /* Base */ = {isa = PBXFileReference; lastKnownFileType = file.storyboard; name = Base; path = Base.lproj/Main.storyboard; sourceTree = "<group>"; };
		662DDD891C84050D00EDA431 /* Assets.xcassets */ = {isa = PBXFileReference; lastKnownFileType = folder.assetcatalog; path = Assets.xcassets; sourceTree = "<group>"; };
		662DDD8C1C84050D00EDA431 /* Base */ = {isa = PBXFileReference; lastKnownFileType = file.storyboard; name = Base; path = Base.lproj/LaunchScreen.storyboard; sourceTree = "<group>"; };
		662DDD8E1C84050D00EDA431 /* Info.plist */ = {isa = PBXFileReference; lastKnownFileType = text.plist.xml; path = Info.plist; sourceTree = "<group>"; };
/* End PBXFileReference section */

/* Begin PBXFrameworksBuildPhase section */
		662DDD7C1C84050D00EDA431 /* Frameworks */ = {
			isa = PBXFrameworksBuildPhase;
			buildActionMask = 2147483647;
			files = (
			);
			runOnlyForDeploymentPostprocessing = 0;
		};
/* End PBXFrameworksBuildPhase section */

/* Begin PBXGroup section */
		662DDD761C84050D00EDA431 = {
			isa = PBXGroup;
			children = (
				662DDD811C84050D00EDA431 /* Instagrammy */,
				662DDD801C84050D00EDA431 /* Products */,
			);
			sourceTree = "<group>";
		};
		662DDD801C84050D00EDA431 /* Products */ = {
			isa = PBXGroup;
			children = (
				662DDD7F1C84050D00EDA431 /* Instagrammy.app */,
			);
			name = Products;
			sourceTree = "<group>";
		};
		662DDD811C84050D00EDA431 /* Instagrammy */ = {
			isa = PBXGroup;
			children = (
				662DDD821C84050D00EDA431 /* AppDelegate.swift */,
				662DDD841C84050D00EDA431 /* ViewController.swift */,
				662DDD861C84050D00EDA431 /* Main.storyboard */,
				662DDD891C84050D00EDA431 /* Assets.xcassets */,
				662DDD8B1C84050D00EDA431 /* LaunchScreen.storyboard */,
				662DDD8E1C84050D00EDA431 /* Info.plist */,
			);
			path = Instagrammy;
			sourceTree = "<group>";
		};
/* End PBXGroup section */

/* Begin PBXNativeTarget section */
		662DDD7E1C84050D00EDA431 /* Instagrammy */ = {
			isa = PBXNativeTarget;
			buildConfigurationList = 662DDD911C84050D00EDA431 /* Build configuration list for PBXNativeTarget "Instagrammy" */;
			buildPhases = (
				662DDD7B1C84050D00EDA431 /* Sources */,
				662DDD7C1C84050D00EDA431 /* Frameworks */,
				662DDD7D1C84050D00EDA431 /* Resources */,
			);
			buildRules = (
			);
			dependencies = (
			);
			name = Instagrammy;
			productName = Instagrammy;
			productReference = 662DDD7F1C84050D00EDA431 /* Instagrammy.app */;
			productType = "com.apple.product-type.application";
		};
/* End PBXNativeTarget section */

/* Begin PBXProject section */
		662DDD771C84050D00EDA431 /* Project object */ = {
			isa = PBXProject;
			attributes = {
				LastSwiftUpdateCheck = 0720;
				LastUpgradeCheck = 0720;
				ORGANIZATIONNAME = "Sagar ";
				TargetAttributes = {
					662DDD7E1C84050D00EDA431 = {
						CreatedOnToolsVersion = 7.2;
						DevelopmentTeam = 2DL59C4T3K;
					};
				};
			};
			buildConfigurationList = 662DDD7A1C84050D00EDA431 /* Build configuration list for PBXProject "Instagrammy" */;
			compatibilityVersion = "Xcode 3.2";
			developmentRegion = English;
			hasScannedForEncodings = 0;
			knownRegions = (
				en,
				Base,
			);
			mainGroup = 662DDD761C84050D00EDA431;
			productRefGroup = 662DDD801C84050D00EDA431 /* Products */;
			projectDirPath = "";
			projectRoot = "";
			targets = (
				662DDD7E1C84050D00EDA431 /* Instagrammy */,
			);
		};
/* End PBXProject section */

/* Begin PBXResourcesBuildPhase section */
		662DDD7D1C84050D00EDA431 /* Resources */ = {
			isa = PBXResourcesBuildPhase;
			buildActionMask = 2147483647;
			files = (
				662DDD8D1C84050D00EDA431 /* LaunchScreen.storyboard in Resources */,
				662DDD8A1C84050D00EDA431 /* Assets.xcassets in Resources */,
				662DDD881C84050D00EDA431 /* Main.storyboard in Resources */,
			);
			runOnlyForDeploymentPostprocessing = 0;
		};
/* End PBXResourcesBuildPhase section */

/* Begin PBXSourcesBuildPhase section */
		662DDD7B1C84050D00EDA431 /* Sources */ = {
			isa = PBXSourcesBuildPhase;
			buildActionMask = 2147483647;
			files = (
				662DDD851C84050D00EDA431 /* ViewController.swift in Sources */,
				662DDD831C84050D00EDA431 /* AppDelegate.swift in Sources */,
			);
			runOnlyForDeploymentPostprocessing = 0;
		};
/* End PBXSourcesBuildPhase section */

/* Begin PBXVariantGroup section */
		662DDD861C84050D00EDA431 /* Main.storyboard */ = {
			isa = PBXVariantGroup;
			children = (
				662DDD871C84050D00EDA431 /* Base */,
			);
			name = Main.storyboard;
			sourceTree = "<group>";
		};
		662DDD8B1C84050D00EDA431 /* LaunchScreen.storyboard */ = {
			isa = PBXVariantGroup;
			children = (
				662DDD8C1C84050D00EDA431 /* Base */,
			);
			name = LaunchScreen.storyboard;
			sourceTree = "<group>";
		};
/* End PBXVariantGroup section */

/* Begin XCBuildConfiguration section */
		662DDD8F1C84050D00EDA431 /* Debug */ = {
			isa = XCBuildConfiguration;
			buildSettings = {
				ALWAYS_SEARCH_USER_PATHS = NO;
				CLANG_CXX_LANGUAGE_STANDARD = "gnu++0x";
				CLANG_CXX_LIBRARY = "libc++";
				CLANG_ENABLE_MODULES = YES;
				CLANG_ENABLE_OBJC_ARC = YES;
				CLANG_WARN_BOOL_CONVERSION = YES;
				CLANG_WARN_CONSTANT_CONVERSION = YES;
				CLANG_WARN_DIRECT_OBJC_ISA_USAGE = YES_ERROR;
				CLANG_WARN_EMPTY_BODY = YES;
				CLANG_WARN_ENUM_CONVERSION = YES;
				CLANG_WARN_INT_CONVERSION = YES;
				CLANG_WARN_OBJC_ROOT_CLASS = YES_ERROR;
				CLANG_WARN_UNREACHABLE_CODE = YES;
				CLANG_WARN__DUPLICATE_METHOD_MATCH = YES;
				"CODE_SIGN_IDENTITY[sdk=iphoneos*]" = "iPhone Developer";
				COPY_PHASE_STRIP = NO;
				DEBUG_INFORMATION_FORMAT = dwarf;
				ENABLE_STRICT_OBJC_MSGSEND = YES;
				ENABLE_TESTABILITY = YES;
				GCC_C_LANGUAGE_STANDARD = gnu99;
				GCC_DYNAMIC_NO_PIC = NO;
				GCC_NO_COMMON_BLOCKS = YES;
				GCC_OPTIMIZATION_LEVEL = 0;
				GCC_PREPROCESSOR_DEFINITIONS = (
					"DEBUG=1",
					"$(inherited)",
				);
				GCC_WARN_64_TO_32_BIT_CONVERSION = YES;
				GCC_WARN_ABOUT_RETURN_TYPE = YES_ERROR;
				GCC_WARN_UNDECLARED_SELECTOR = YES;
				GCC_WARN_UNINITIALIZED_AUTOS = YES_AGGRESSIVE;
				GCC_WARN_UNUSED_FUNCTION = YES;
				GCC_WARN_UNUSED_VARIABLE = YES;
				IPHONEOS_DEPLOYMENT_TARGET = 9.2;
				MTL_ENABLE_DEBUG_INFO = YES;
				ONLY_ACTIVE_ARCH = YES;
				SDKROOT = iphoneos;
				SWIFT_OPTIMIZATION_LEVEL = "-Onone";
				TARGETED_DEVICE_FAMILY = "1,2";
			};
			name = Debug;
		};
		662DDD901C84050D00EDA431 /* Release */ = {
			isa = XCBuildConfiguration;
			buildSettings = {
				ALWAYS_SEARCH_USER_PATHS = NO;
				CLANG_CXX_LANGUAGE_STANDARD = "gnu++0x";
				CLANG_CXX_LIBRARY = "libc++";
				CLANG_ENABLE_MODULES = YES;
				CLANG_ENABLE_OBJC_ARC = YES;
				CLANG_WARN_BOOL_CONVERSION = YES;
				CLANG_WARN_CONSTANT_CONVERSION = YES;
				CLANG_WARN_DIRECT_OBJC_ISA_USAGE = YES_ERROR;
				CLANG_WARN_EMPTY_BODY = YES;
				CLANG_WARN_ENUM_CONVERSION = YES;
				CLANG_WARN_INT_CONVERSION = YES;
				CLANG_WARN_OBJC_ROOT_CLASS = YES_ERROR;
				CLANG_WARN_UNREACHABLE_CODE = YES;
				CLANG_WARN__DUPLICATE_METHOD_MATCH = YES;
				"CODE_SIGN_IDENTITY[sdk=iphoneos*]" = "iPhone Developer";
				COPY_PHASE_STRIP = NO;
				DEBUG_INFORMATION_FORMAT = "dwarf-with-dsym";
				ENABLE_NS_ASSERTIONS = NO;
				ENABLE_STRICT_OBJC_MSGSEND = YES;
				GCC_C_LANGUAGE_STANDARD = gnu99;
				GCC_NO_COMMON_BLOCKS = YES;
				GCC_WARN_64_TO_32_BIT_CONVERSION = YES;
				GCC_WARN_ABOUT_RETURN_TYPE = YES_ERROR;
				GCC_WARN_UNDECLARED_SELECTOR = YES;
				GCC_WARN_UNINITIALIZED_AUTOS = YES_AGGRESSIVE;
				GCC_WARN_UNUSED_FUNCTION = YES;
				GCC_WARN_UNUSED_VARIABLE = YES;
				IPHONEOS_DEPLOYMENT_TARGET = 9.2;
				MTL_ENABLE_DEBUG_INFO = NO;
				SDKROOT = iphoneos;
				TARGETED_DEVICE_FAMILY = "1,2";
				VALIDATE_PRODUCT = YES;
			};
			name = Release;
		};
		662DDD921C84050D00EDA431 /* Debug */ = {
			isa = XCBuildConfiguration;
			buildSettings = {
				ASSETCATALOG_COMPILER_APPICON_NAME = AppIcon;
				INFOPLIST_FILE = Instagrammy/Info.plist;
				LD_RUNPATH_SEARCH_PATHS = "$(inherited) @executable_path/Frameworks";
				PRODUCT_BUNDLE_IDENTIFIER = sa.Instagrammy;
				PRODUCT_NAME = "$(TARGET_NAME)";
			};
			name = Debug;
		};
		662DDD931C84050D00EDA431 /* Release */ = {
			isa = XCBuildConfiguration;
			buildSettings = {
				ASSETCATALOG_COMPILER_APPICON_NAME = AppIcon;
				INFOPLIST_FILE = Instagrammy/Info.plist;
				LD_RUNPATH_SEARCH_PATHS = "$(inherited) @executable_path/Frameworks";
				PRODUCT_BUNDLE_IDENTIFIER = sa.Instagrammy;
				PRODUCT_NAME = "$(TARGET_NAME)";
			};
			name = Release;
		};
/* End XCBuildConfiguration section */

/* Begin XCConfigurationList section */
		662DDD7A1C84050D00EDA431 /* Build configuration list for PBXProject "Instagrammy" */ = {
			isa = XCConfigurationList;
			buildConfigurations = (
				662DDD8F1C84050D00EDA431 /* Debug */,
				662DDD901C84050D00EDA431 /* Release */,
			);
			defaultConfigurationIsVisible = 0;
			defaultConfigurationName = Release;
		};
		662DDD911C84050D00EDA431 /* Build configuration list for PBXNativeTarget "Instagrammy" */ = {
			isa = XCConfigurationList;
			buildConfigurations = (
				662DDD921C84050D00EDA431 /* Debug */,
				662DDD931C84050D00EDA431 /* Release */,
			);
			defaultConfigurationIsVisible = 0;
		};
/* End XCConfigurationList section */
	};
	rootObject = 662DDD771C84050D00EDA431 /* Project object */;
}
