// !$*UTF8*$!
{
	archiveVersion = 1;
	classes = {
	};
	objectVersion = 46;
	objects = {

/* Begin PBXBuildFile section */
		662DDD831C84050D00EDA431 /* AppDelegate.swift in Sources */ = {isa = PBXBuildFile; fileRef = 662DDD821C84050D00EDA431 /* AppDelegate.swift */; };
		662DDD8A1C84050D00EDA431 /* Assets.xcassets in Resources */ = {isa = PBXBuildFile; fileRef = 662DDD891C84050D00EDA431 /* Assets.xcassets */; };
		662DDD8D1C84050D00EDA431 /* LaunchScreen.storyboard in Resources */ = {isa = PBXBuildFile; fileRef = 662DDD8B1C84050D00EDA431 /* LaunchScreen.storyboard */; };
		662DDD951C84085900EDA431 /* LoginViewController.swift in Sources */ = {isa = PBXBuildFile; fileRef = 662DDD941C84085900EDA431 /* LoginViewController.swift */; };
		6676714C1C8A968C0072A1B7 /* Main.storyboard in Resources */ = {isa = PBXBuildFile; fileRef = 6676714B1C8A968C0072A1B7 /* Main.storyboard */; };
		6676714E1C8AA1880072A1B7 /* CaptureViewController.swift in Sources */ = {isa = PBXBuildFile; fileRef = 6676714D1C8AA1880072A1B7 /* CaptureViewController.swift */; };
		667671521C8AA1EC0072A1B7 /* ProfileViewController.swift in Sources */ = {isa = PBXBuildFile; fileRef = 667671511C8AA1EC0072A1B7 /* ProfileViewController.swift */; };
		667671551C8AAB550072A1B7 /* Post.swift in Sources */ = {isa = PBXBuildFile; fileRef = 667671541C8AAB550072A1B7 /* Post.swift */; };
		667671581C8AB5A30072A1B7 /* PostTableViewCell.swift in Sources */ = {isa = PBXBuildFile; fileRef = 667671571C8AB5A30072A1B7 /* PostTableViewCell.swift */; };
		66BD774A1C8A5DD700CB0444 /* HomePageViewController.swift in Sources */ = {isa = PBXBuildFile; fileRef = 66BD77491C8A5DD700CB0444 /* HomePageViewController.swift */; };
		66BD774E1C8A664C00CB0444 /* HomePageNavigationController.swift in Sources */ = {isa = PBXBuildFile; fileRef = 66BD774D1C8A664C00CB0444 /* HomePageNavigationController.swift */; };
		B48AC7BC99D5EF580A855329 /* Pods_Instagrammy.framework in Frameworks */ = {isa = PBXBuildFile; fileRef = D08BF3559115B0E8C3484D58 /* Pods_Instagrammy.framework */; };
/* End PBXBuildFile section */

/* Begin PBXFileReference section */
		30C84CCA238EB4D19946A3A8 /* Pods-Instagrammy.debug.xcconfig */ = {isa = PBXFileReference; includeInIndex = 1; lastKnownFileType = text.xcconfig; name = "Pods-Instagrammy.debug.xcconfig"; path = "Pods/Target Support Files/Pods-Instagrammy/Pods-Instagrammy.debug.xcconfig"; sourceTree = "<group>"; };
		662DDD7F1C84050D00EDA431 /* Instagrammy.app */ = {isa = PBXFileReference; explicitFileType = wrapper.application; includeInIndex = 0; path = Instagrammy.app; sourceTree = BUILT_PRODUCTS_DIR; };
		662DDD821C84050D00EDA431 /* AppDelegate.swift */ = {isa = PBXFileReference; lastKnownFileType = sourcecode.swift; path = AppDelegate.swift; sourceTree = "<group>"; };
		662DDD891C84050D00EDA431 /* Assets.xcassets */ = {isa = PBXFileReference; lastKnownFileType = folder.assetcatalog; path = Assets.xcassets; sourceTree = "<group>"; };
		662DDD8C1C84050D00EDA431 /* Base */ = {isa = PBXFileReference; lastKnownFileType = file.storyboard; name = Base; path = Base.lproj/LaunchScreen.storyboard; sourceTree = "<group>"; };
		662DDD8E1C84050D00EDA431 /* Info.plist */ = {isa = PBXFileReference; lastKnownFileType = text.plist.xml; path = Info.plist; sourceTree = "<group>"; };
		662DDD941C84085900EDA431 /* LoginViewController.swift */ = {isa = PBXFileReference; fileEncoding = 4; lastKnownFileType = sourcecode.swift; path = LoginViewController.swift; sourceTree = "<group>"; };
		6676714B1C8A968C0072A1B7 /* Main.storyboard */ = {isa = PBXFileReference; fileEncoding = 4; lastKnownFileType = file.storyboard; name = Main.storyboard; path = ../../../.Trash/Main.storyboard; sourceTree = "<group>"; };
		6676714D1C8AA1880072A1B7 /* CaptureViewController.swift */ = {isa = PBXFileReference; fileEncoding = 4; lastKnownFileType = sourcecode.swift; path = CaptureViewController.swift; sourceTree = "<group>"; };
		667671511C8AA1EC0072A1B7 /* ProfileViewController.swift */ = {isa = PBXFileReference; fileEncoding = 4; lastKnownFileType = sourcecode.swift; path = ProfileViewController.swift; sourceTree = "<group>"; };
		667671541C8AAB550072A1B7 /* Post.swift */ = {isa = PBXFileReference; fileEncoding = 4; lastKnownFileType = sourcecode.swift; path = Post.swift; sourceTree = "<group>"; };
		667671571C8AB5A30072A1B7 /* PostTableViewCell.swift */ = {isa = PBXFileReference; fileEncoding = 4; lastKnownFileType = sourcecode.swift; path = PostTableViewCell.swift; sourceTree = "<group>"; };
		66BD77491C8A5DD700CB0444 /* HomePageViewController.swift */ = {isa = PBXFileReference; fileEncoding = 4; lastKnownFileType = sourcecode.swift; path = HomePageViewController.swift; sourceTree = "<group>"; };
		66BD774D1C8A664C00CB0444 /* HomePageNavigationController.swift */ = {isa = PBXFileReference; fileEncoding = 4; lastKnownFileType = sourcecode.swift; path = HomePageNavigationController.swift; sourceTree = "<group>"; };
		B138968684567365C8884220 /* Pods-Instagrammy.release.xcconfig */ = {isa = PBXFileReference; includeInIndex = 1; lastKnownFileType = text.xcconfig; name = "Pods-Instagrammy.release.xcconfig"; path = "Pods/Target Support Files/Pods-Instagrammy/Pods-Instagrammy.release.xcconfig"; sourceTree = "<group>"; };
		D08BF3559115B0E8C3484D58 /* Pods_Instagrammy.framework */ = {isa = PBXFileReference; explicitFileType = wrapper.framework; includeInIndex = 0; path = Pods_Instagrammy.framework; sourceTree = BUILT_PRODUCTS_DIR; };
/* End PBXFileReference section */

/* Begin PBXFrameworksBuildPhase section */
		662DDD7C1C84050D00EDA431 /* Frameworks */ = {
			isa = PBXFrameworksBuildPhase;
			buildActionMask = 2147483647;
			files = (
				B48AC7BC99D5EF580A855329 /* Pods_Instagrammy.framework in Frameworks */,
			);
			runOnlyForDeploymentPostprocessing = 0;
		};
/* End PBXFrameworksBuildPhase section */

/* Begin PBXGroup section */
		09AB2849F01C104EF1F17FE6 /* Pods */ = {
			isa = PBXGroup;
			children = (
				30C84CCA238EB4D19946A3A8 /* Pods-Instagrammy.debug.xcconfig */,
				B138968684567365C8884220 /* Pods-Instagrammy.release.xcconfig */,
			);
			name = Pods;
			sourceTree = "<group>";
		};
		662DDD761C84050D00EDA431 = {
			isa = PBXGroup;
			children = (
				662DDD811C84050D00EDA431 /* Instagrammy */,
				662DDD801C84050D00EDA431 /* Products */,
				09AB2849F01C104EF1F17FE6 /* Pods */,
				9F436C86CBC9EB230DD80B3E /* Frameworks */,
			);
			sourceTree = "<group>";
		};
		662DDD801C84050D00EDA431 /* Products */ = {
			isa = PBXGroup;
			children = (
				662DDD7F1C84050D00EDA431 /* Instagrammy.app */,
			);
			name = Products;
			sourceTree = "<group>";
		};
		662DDD811C84050D00EDA431 /* Instagrammy */ = {
			isa = PBXGroup;
			children = (
				667671561C8AB5660072A1B7 /* Views */,
				667671531C8AAAE90072A1B7 /* Models */,
				66BD774C1C8A661D00CB0444 /* NavigationControllers */,
				66BD774B1C8A5DE200CB0444 /* ViewControllers */,
				662DDD821C84050D00EDA431 /* AppDelegate.swift */,
				662DDD891C84050D00EDA431 /* Assets.xcassets */,
				6676714B1C8A968C0072A1B7 /* Main.storyboard */,
				662DDD8B1C84050D00EDA431 /* LaunchScreen.storyboard */,
				662DDD8E1C84050D00EDA431 /* Info.plist */,
			);
			path = Instagrammy;
			sourceTree = "<group>";
		};
		667671531C8AAAE90072A1B7 /* Models */ = {
			isa = PBXGroup;
			children = (
				667671541C8AAB550072A1B7 /* Post.swift */,
			);
			name = Models;
			sourceTree = "<group>";
		};
		667671561C8AB5660072A1B7 /* Views */ = {
			isa = PBXGroup;
			children = (
				667671571C8AB5A30072A1B7 /* PostTableViewCell.swift */,
			);
			name = Views;
			sourceTree = "<group>";
		};
		66BD774B1C8A5DE200CB0444 /* ViewControllers */ = {
			isa = PBXGroup;
			children = (
				66BD77491C8A5DD700CB0444 /* HomePageViewController.swift */,
				662DDD941C84085900EDA431 /* LoginViewController.swift */,
				6676714D1C8AA1880072A1B7 /* CaptureViewController.swift */,
				667671511C8AA1EC0072A1B7 /* ProfileViewController.swift */,
			);
			name = ViewControllers;
			sourceTree = "<group>";
		};
		66BD774C1C8A661D00CB0444 /* NavigationControllers */ = {
			isa = PBXGroup;
			children = (
				66BD774D1C8A664C00CB0444 /* HomePageNavigationController.swift */,
			);
			name = NavigationControllers;
			sourceTree = "<group>";
		};
		9F436C86CBC9EB230DD80B3E /* Frameworks */ = {
			isa = PBXGroup;
			children = (
				D08BF3559115B0E8C3484D58 /* Pods_Instagrammy.framework */,
			);
			name = Frameworks;
			sourceTree = "<group>";
		};
/* End PBXGroup section */

/* Begin PBXNativeTarget section */
		662DDD7E1C84050D00EDA431 /* Instagrammy */ = {
			isa = PBXNativeTarget;
			buildConfigurationList = 662DDD911C84050D00EDA431 /* Build configuration list for PBXNativeTarget "Instagrammy" */;
			buildPhases = (
				49CE912540A32B50A0CF1277 /* Check Pods Manifest.lock */,
				662DDD7B1C84050D00EDA431 /* Sources */,
				662DDD7C1C84050D00EDA431 /* Frameworks */,
				662DDD7D1C84050D00EDA431 /* Resources */,
				91A618525EFA8F24E9010997 /* Embed Pods Frameworks */,
				20F61CBD023C190576A812FC /* Copy Pods Resources */,
			);
			buildRules = (
			);
			dependencies = (
			);
			name = Instagrammy;
			productName = Instagrammy;
			productReference = 662DDD7F1C84050D00EDA431 /* Instagrammy.app */;
			productType = "com.apple.product-type.application";
		};
/* End PBXNativeTarget section */

/* Begin PBXProject section */
		662DDD771C84050D00EDA431 /* Project object */ = {
			isa = PBXProject;
			attributes = {
				LastSwiftUpdateCheck = 0720;
				LastUpgradeCheck = 0720;
				ORGANIZATIONNAME = "Sagar ";
				TargetAttributes = {
					662DDD7E1C84050D00EDA431 = {
						CreatedOnToolsVersion = 7.2;
						DevelopmentTeam = 2DL59C4T3K;
					};
				};
			};
			buildConfigurationList = 662DDD7A1C84050D00EDA431 /* Build configuration list for PBXProject "Instagrammy" */;
			compatibilityVersion = "Xcode 3.2";
			developmentRegion = English;
			hasScannedForEncodings = 0;
			knownRegions = (
				en,
				Base,
			);
			mainGroup = 662DDD761C84050D00EDA431;
			productRefGroup = 662DDD801C84050D00EDA431 /* Products */;
			projectDirPath = "";
			projectRoot = "";
			targets = (
				662DDD7E1C84050D00EDA431 /* Instagrammy */,
			);
		};
/* End PBXProject section */

/* Begin PBXResourcesBuildPhase section */
		662DDD7D1C84050D00EDA431 /* Resources */ = {
			isa = PBXResourcesBuildPhase;
			buildActionMask = 2147483647;
			files = (
				6676714C1C8A968C0072A1B7 /* Main.storyboard in Resources */,
				662DDD8D1C84050D00EDA431 /* LaunchScreen.storyboard in Resources */,
				662DDD8A1C84050D00EDA431 /* Assets.xcassets in Resources */,
			);
			runOnlyForDeploymentPostprocessing = 0;
		};
/* End PBXResourcesBuildPhase section */

/* Begin PBXShellScriptBuildPhase section */
		20F61CBD023C190576A812FC /* Copy Pods Resources */ = {
			isa = PBXShellScriptBuildPhase;
			buildActionMask = 2147483647;
			files = (
			);
			inputPaths = (
			);
			name = "Copy Pods Resources";
			outputPaths = (
			);
			runOnlyForDeploymentPostprocessing = 0;
			shellPath = /bin/sh;
			shellScript = "\"${SRCROOT}/Pods/Target Support Files/Pods-Instagrammy/Pods-Instagrammy-resources.sh\"\n";
			showEnvVarsInLog = 0;
		};
		49CE912540A32B50A0CF1277 /* Check Pods Manifest.lock */ = {
			isa = PBXShellScriptBuildPhase;
			buildActionMask = 2147483647;
			files = (
			);
			inputPaths = (
			);
			name = "Check Pods Manifest.lock";
			outputPaths = (
			);
			runOnlyForDeploymentPostprocessing = 0;
			shellPath = /bin/sh;
			shellScript = "diff \"${PODS_ROOT}/../Podfile.lock\" \"${PODS_ROOT}/Manifest.lock\" > /dev/null\nif [[ $? != 0 ]] ; then\n    cat << EOM\nerror: The sandbox is not in sync with the Podfile.lock. Run 'pod install' or update your CocoaPods installation.\nEOM\n    exit 1\nfi\n";
			showEnvVarsInLog = 0;
		};
		91A618525EFA8F24E9010997 /* Embed Pods Frameworks */ = {
			isa = PBXShellScriptBuildPhase;
			buildActionMask = 2147483647;
			files = (
			);
			inputPaths = (
			);
			name = "Embed Pods Frameworks";
			outputPaths = (
			);
			runOnlyForDeploymentPostprocessing = 0;
			shellPath = /bin/sh;
			shellScript = "\"${SRCROOT}/Pods/Target Support Files/Pods-Instagrammy/Pods-Instagrammy-frameworks.sh\"\n";
			showEnvVarsInLog = 0;
		};
/* End PBXShellScriptBuildPhase section */

/* Begin PBXSourcesBuildPhase section */
		662DDD7B1C84050D00EDA431 /* Sources */ = {
			isa = PBXSourcesBuildPhase;
			buildActionMask = 2147483647;
			files = (
				667671521C8AA1EC0072A1B7 /* ProfileViewController.swift in Sources */,
				66BD774A1C8A5DD700CB0444 /* HomePageViewController.swift in Sources */,
				662DDD951C84085900EDA431 /* LoginViewController.swift in Sources */,
				667671581C8AB5A30072A1B7 /* PostTableViewCell.swift in Sources */,
				662DDD831C84050D00EDA431 /* AppDelegate.swift in Sources */,
				66BD774E1C8A664C00CB0444 /* HomePageNavigationController.swift in Sources */,
				667671551C8AAB550072A1B7 /* Post.swift in Sources */,
				6676714E1C8AA1880072A1B7 /* CaptureViewController.swift in Sources */,
			);
			runOnlyForDeploymentPostprocessing = 0;
		};
/* End PBXSourcesBuildPhase section */

/* Begin PBXVariantGroup section */
		662DDD8B1C84050D00EDA431 /* LaunchScreen.storyboard */ = {
			isa = PBXVariantGroup;
			children = (
				662DDD8C1C84050D00EDA431 /* Base */,
			);
			name = LaunchScreen.storyboard;
			sourceTree = "<group>";
		};
/* End PBXVariantGroup section */

/* Begin XCBuildConfiguration section */
		662DDD8F1C84050D00EDA431 /* Debug */ = {
			isa = XCBuildConfiguration;
			buildSettings = {
				ALWAYS_SEARCH_USER_PATHS = NO;
				CLANG_CXX_LANGUAGE_STANDARD = "gnu++0x";
				CLANG_CXX_LIBRARY = "libc++";
				CLANG_ENABLE_MODULES = YES;
				CLANG_ENABLE_OBJC_ARC = YES;
				CLANG_WARN_BOOL_CONVERSION = YES;
				CLANG_WARN_CONSTANT_CONVERSION = YES;
				CLANG_WARN_DIRECT_OBJC_ISA_USAGE = YES_ERROR;
				CLANG_WARN_EMPTY_BODY = YES;
				CLANG_WARN_ENUM_CONVERSION = YES;
				CLANG_WARN_INT_CONVERSION = YES;
				CLANG_WARN_OBJC_ROOT_CLASS = YES_ERROR;
				CLANG_WARN_UNREACHABLE_CODE = YES;
				CLANG_WARN__DUPLICATE_METHOD_MATCH = YES;
				"CODE_SIGN_IDENTITY[sdk=iphoneos*]" = "iPhone Developer";
				COPY_PHASE_STRIP = NO;
				DEBUG_INFORMATION_FORMAT = dwarf;
				ENABLE_STRICT_OBJC_MSGSEND = YES;
				ENABLE_TESTABILITY = YES;
				GCC_C_LANGUAGE_STANDARD = gnu99;
				GCC_DYNAMIC_NO_PIC = NO;
				GCC_NO_COMMON_BLOCKS = YES;
				GCC_OPTIMIZATION_LEVEL = 0;
				GCC_PREPROCESSOR_DEFINITIONS = (
					"DEBUG=1",
					"$(inherited)",
				);
				GCC_WARN_64_TO_32_BIT_CONVERSION = YES;
				GCC_WARN_ABOUT_RETURN_TYPE = YES_ERROR;
				GCC_WARN_UNDECLARED_SELECTOR = YES;
				GCC_WARN_UNINITIALIZED_AUTOS = YES_AGGRESSIVE;
				GCC_WARN_UNUSED_FUNCTION = YES;
				GCC_WARN_UNUSED_VARIABLE = YES;
				IPHONEOS_DEPLOYMENT_TARGET = 9.2;
				MTL_ENABLE_DEBUG_INFO = YES;
				ONLY_ACTIVE_ARCH = YES;
				SDKROOT = iphoneos;
				SWIFT_OPTIMIZATION_LEVEL = "-Onone";
				TARGETED_DEVICE_FAMILY = "1,2";
			};
			name = Debug;
		};
		662DDD901C84050D00EDA431 /* Release */ = {
			isa = XCBuildConfiguration;
			buildSettings = {
				ALWAYS_SEARCH_USER_PATHS = NO;
				CLANG_CXX_LANGUAGE_STANDARD = "gnu++0x";
				CLANG_CXX_LIBRARY = "libc++";
				CLANG_ENABLE_MODULES = YES;
				CLANG_ENABLE_OBJC_ARC = YES;
				CLANG_WARN_BOOL_CONVERSION = YES;
				CLANG_WARN_CONSTANT_CONVERSION = YES;
				CLANG_WARN_DIRECT_OBJC_ISA_USAGE = YES_ERROR;
				CLANG_WARN_EMPTY_BODY = YES;
				CLANG_WARN_ENUM_CONVERSION = YES;
				CLANG_WARN_INT_CONVERSION = YES;
				CLANG_WARN_OBJC_ROOT_CLASS = YES_ERROR;
				CLANG_WARN_UNREACHABLE_CODE = YES;
				CLANG_WARN__DUPLICATE_METHOD_MATCH = YES;
				"CODE_SIGN_IDENTITY[sdk=iphoneos*]" = "iPhone Developer";
				COPY_PHASE_STRIP = NO;
				DEBUG_INFORMATION_FORMAT = "dwarf-with-dsym";
				ENABLE_NS_ASSERTIONS = NO;
				ENABLE_STRICT_OBJC_MSGSEND = YES;
				GCC_C_LANGUAGE_STANDARD = gnu99;
				GCC_NO_COMMON_BLOCKS = YES;
				GCC_WARN_64_TO_32_BIT_CONVERSION = YES;
				GCC_WARN_ABOUT_RETURN_TYPE = YES_ERROR;
				GCC_WARN_UNDECLARED_SELECTOR = YES;
				GCC_WARN_UNINITIALIZED_AUTOS = YES_AGGRESSIVE;
				GCC_WARN_UNUSED_FUNCTION = YES;
				GCC_WARN_UNUSED_VARIABLE = YES;
				IPHONEOS_DEPLOYMENT_TARGET = 9.2;
				MTL_ENABLE_DEBUG_INFO = NO;
				SDKROOT = iphoneos;
				TARGETED_DEVICE_FAMILY = "1,2";
				VALIDATE_PRODUCT = YES;
			};
			name = Release;
		};
		662DDD921C84050D00EDA431 /* Debug */ = {
			isa = XCBuildConfiguration;
			baseConfigurationReference = 30C84CCA238EB4D19946A3A8 /* Pods-Instagrammy.debug.xcconfig */;
			buildSettings = {
				ASSETCATALOG_COMPILER_APPICON_NAME = AppIcon;
				INFOPLIST_FILE = Instagrammy/Info.plist;
				LD_RUNPATH_SEARCH_PATHS = "$(inherited) @executable_path/Frameworks";
				PRODUCT_BUNDLE_IDENTIFIER = sa.Instagrammy;
				PRODUCT_NAME = "$(TARGET_NAME)";
			};
			name = Debug;
		};
		662DDD931C84050D00EDA431 /* Release */ = {
			isa = XCBuildConfiguration;
			baseConfigurationReference = B138968684567365C8884220 /* Pods-Instagrammy.release.xcconfig */;
			buildSettings = {
				ASSETCATALOG_COMPILER_APPICON_NAME = AppIcon;
				INFOPLIST_FILE = Instagrammy/Info.plist;
				LD_RUNPATH_SEARCH_PATHS = "$(inherited) @executable_path/Frameworks";
				PRODUCT_BUNDLE_IDENTIFIER = sa.Instagrammy;
				PRODUCT_NAME = "$(TARGET_NAME)";
			};
			name = Release;
		};
/* End XCBuildConfiguration section */

/* Begin XCConfigurationList section */
		662DDD7A1C84050D00EDA431 /* Build configuration list for PBXProject "Instagrammy" */ = {
			isa = XCConfigurationList;
			buildConfigurations = (
				662DDD8F1C84050D00EDA431 /* Debug */,
				662DDD901C84050D00EDA431 /* Release */,
			);
			defaultConfigurationIsVisible = 0;
			defaultConfigurationName = Release;
		};
		662DDD911C84050D00EDA431 /* Build configuration list for PBXNativeTarget "Instagrammy" */ = {
			isa = XCConfigurationList;
			buildConfigurations = (
				662DDD921C84050D00EDA431 /* Debug */,
				662DDD931C84050D00EDA431 /* Release */,
			);
			defaultConfigurationIsVisible = 0;
			defaultConfigurationName = Release;
		};
/* End XCConfigurationList section */
	};
	rootObject = 662DDD771C84050D00EDA431 /* Project object */;
}
